
Microsoft Visual Studio Solution File, Format Version 12.00
# Visual Studio Version 17
VisualStudioVersion = 17.7.34031.279
MinimumVisualStudioVersion = 10.0.40219.1
Project("{FAE04EC0-301F-11D3-BF4B-00C04F79EFBC}") = "C-Basic-OOP", "C-Basic-OOP\C-Basic-OOP.csproj", "{DEA41D0F-C65D-479D-AA67-6FDF6C8BD806}"
EndProject
Global
	GlobalSection(SolutionConfigurationPlatforms) = preSolution
		Debug|Any CPU = Debug|Any CPU
		Release|Any CPU = Release|Any CPU
	EndGlobalSection
	GlobalSection(ProjectConfigurationPlatforms) = postSolution
		{DEA41D0F-C65D-479D-AA67-6FDF6C8BD806}.Debug|Any CPU.ActiveCfg = Debug|Any CPU
		{DEA41D0F-C65D-479D-AA67-6FDF6C8BD806}.Debug|Any CPU.Build.0 = Debug|Any CPU
		{DEA41D0F-C65D-479D-AA67-6FDF6C8BD806}.Release|Any CPU.ActiveCfg = Release|Any CPU
		{DEA41D0F-C65D-479D-AA67-6FDF6C8BD806}.Release|Any CPU.Build.0 = Release|Any CPU
	EndGlobalSection
	GlobalSection(SolutionProperties) = preSolution
		HideSolutionNode = FALSE
	EndGlobalSection
	GlobalSection(ExtensibilityGlobals) = postSolution
		SolutionGuid = {2546432F-F7CC-4E2C-92C0-81AA6EEC68A8}
	EndGlobalSection
EndGlobal
